<Solution>
  <Folder Name="/Chefai.Api/">
    <Project Path="Chefai.Api/ChefAI.Api.csproj" StartupProject="true" />
  </Folder>
  <Project Path="ChefAI.Application/ChefAI.Application.csproj" />
  <Project Path="ChefAI.Domain/ChefAI.Domain.csproj" />
  <Project Path="ChefAI.Infraestructure/ChefAI.Infraestructure.csproj" />
</Solution>
